# This file is automatically @generated by Cargo.
# It is not intended for manual editing.
version = 4

[[package]]
name = "axionomy"
version = "0.1.0"

[[package]]
name = "axionomy-problems"
version = "0.1.0"
dependencies = [
 "axionomy",
 "axionomy-search",
]

[[package]]
name = "axionomy-search"
version = "0.1.0"
dependencies = [
 "axionomy",
]
